// !$*UTF8*$!
{
	archiveVersion = 1;
	classes = {
	};
	objectVersion = 77;
	objects = {

/* Begin PBXBuildFile section */
		CBD6BA6B2DEF363A003242CA /* RxCocoa in Frameworks */ = {isa = PBXBuildFile; productRef = CBD6BA6A2DEF363A003242CA /* RxCocoa */; };
		CBD6BA6D2DEF363A003242CA /* RxRelay in Frameworks */ = {isa = PBXBuildFile; productRef = CBD6BA6C2DEF363A003242CA /* RxRelay */; };
		CBD6BA702DEF364D003242CA /* SnapKit in Frameworks */ = {isa = PBXBuildFile; productRef = CBD6BA6F2DEF364D003242CA /* SnapKit */; };
		CBD6BA732DEF3656003242CA /* Then in Frameworks */ = {isa = PBXBuildFile; productRef = CBD6BA722DEF3656003242CA /* Then */; };
		CBD6BA762DEF370B003242CA /* Kingfisher in Frameworks */ = {isa = PBXBuildFile; productRef = CBD6BA752DEF370B003242CA /* Kingfisher */; };
/* End PBXBuildFile section */

/* Begin PBXContainerItemProxy section */
		CBD6BA282DEF1B3B003242CA /* PBXContainerItemProxy */ = {
			isa = PBXContainerItemProxy;
			containerPortal = CBD6BA092DEF1B39003242CA /* Project object */;
			proxyType = 1;
			remoteGlobalIDString = CBD6BA102DEF1B39003242CA;
			remoteInfo = BestWish;
		};
		CBD6BA322DEF1B3B003242CA /* PBXContainerItemProxy */ = {
			isa = PBXContainerItemProxy;
			containerPortal = CBD6BA092DEF1B39003242CA /* Project object */;
			proxyType = 1;
			remoteGlobalIDString = CBD6BA102DEF1B39003242CA;
			remoteInfo = BestWish;
		};
/* End PBXContainerItemProxy section */

/* Begin PBXFileReference section */
		CBD6BA112DEF1B39003242CA /* BestWish.app */ = {isa = PBXFileReference; explicitFileType = wrapper.application; includeInIndex = 0; path = BestWish.app; sourceTree = BUILT_PRODUCTS_DIR; };
		CBD6BA272DEF1B3B003242CA /* BestWishTests.xctest */ = {isa = PBXFileReference; explicitFileType = wrapper.cfbundle; includeInIndex = 0; path = BestWishTests.xctest; sourceTree = BUILT_PRODUCTS_DIR; };
		CBD6BA312DEF1B3B003242CA /* BestWishUITests.xctest */ = {isa = PBXFileReference; explicitFileType = wrapper.cfbundle; includeInIndex = 0; path = BestWishUITests.xctest; sourceTree = BUILT_PRODUCTS_DIR; };
/* End PBXFileReference section */

/* Begin PBXFileSystemSynchronizedBuildFileExceptionSet section */
		CBD6BA392DEF1B3B003242CA /* Exceptions for "BestWish" folder in "BestWish" target */ = {
			isa = PBXFileSystemSynchronizedBuildFileExceptionSet;
			membershipExceptions = (
				Resource/Info.plist,
			);
			target = CBD6BA102DEF1B39003242CA /* BestWish */;
		};
/* End PBXFileSystemSynchronizedBuildFileExceptionSet section */

/* Begin PBXFileSystemSynchronizedRootGroup section */
		CBD6BA132DEF1B39003242CA /* BestWish */ = {
			isa = PBXFileSystemSynchronizedRootGroup;
			exceptions = (
				CBD6BA392DEF1B3B003242CA /* Exceptions for "BestWish" folder in "BestWish" target */,
			);
			path = BestWish;
			sourceTree = "<group>";
		};
		CBD6BA2A2DEF1B3B003242CA /* BestWishTests */ = {
			isa = PBXFileSystemSynchronizedRootGroup;
			path = BestWishTests;
			sourceTree = "<group>";
		};
		CBD6BA342DEF1B3B003242CA /* BestWishUITests */ = {
			isa = PBXFileSystemSynchronizedRootGroup;
			path = BestWishUITests;
			sourceTree = "<group>";
		};
/* End PBXFileSystemSynchronizedRootGroup section */

/* Begin PBXFrameworksBuildPhase section */
		CBD6BA0E2DEF1B39003242CA /* Frameworks */ = {
			isa = PBXFrameworksBuildPhase;
			buildActionMask = 2147483647;
			files = (
				CBD6BA702DEF364D003242CA /* SnapKit in Frameworks */,
				CBD6BA6D2DEF363A003242CA /* RxRelay in Frameworks */,
				CBD6BA6B2DEF363A003242CA /* RxCocoa in Frameworks */,
				CBD6BA732DEF3656003242CA /* Then in Frameworks */,
				CBD6BA762DEF370B003242CA /* Kingfisher in Frameworks */,
			);
			runOnlyForDeploymentPostprocessing = 0;
		};
		CBD6BA242DEF1B3B003242CA /* Frameworks */ = {
			isa = PBXFrameworksBuildPhase;
			buildActionMask = 2147483647;
			files = (
			);
			runOnlyForDeploymentPostprocessing = 0;
		};
		CBD6BA2E2DEF1B3B003242CA /* Frameworks */ = {
			isa = PBXFrameworksBuildPhase;
			buildActionMask = 2147483647;
			files = (
			);
			runOnlyForDeploymentPostprocessing = 0;
		};
/* End PBXFrameworksBuildPhase section */

/* Begin PBXGroup section */
		CBD6BA082DEF1B39003242CA = {
			isa = PBXGroup;
			children = (
				CBD6BA132DEF1B39003242CA /* BestWish */,
				CBD6BA2A2DEF1B3B003242CA /* BestWishTests */,
				CBD6BA342DEF1B3B003242CA /* BestWishUITests */,
				CBD6BA122DEF1B39003242CA /* Products */,
			);
			sourceTree = "<group>";
		};
		CBD6BA122DEF1B39003242CA /* Products */ = {
			isa = PBXGroup;
			children = (
				CBD6BA112DEF1B39003242CA /* BestWish.app */,
				CBD6BA272DEF1B3B003242CA /* BestWishTests.xctest */,
				CBD6BA312DEF1B3B003242CA /* BestWishUITests.xctest */,
			);
			name = Products;
			sourceTree = "<group>";
		};
/* End PBXGroup section */

/* Begin PBXNativeTarget section */
		CBD6BA102DEF1B39003242CA /* BestWish */ = {
			isa = PBXNativeTarget;
			buildConfigurationList = CBD6BA3A2DEF1B3B003242CA /* Build configuration list for PBXNativeTarget "BestWish" */;
			buildPhases = (
				CBD6BA0D2DEF1B39003242CA /* Sources */,
				CBD6BA0E2DEF1B39003242CA /* Frameworks */,
				CBD6BA0F2DEF1B39003242CA /* Resources */,
			);
			buildRules = (
			);
			dependencies = (
			);
			fileSystemSynchronizedGroups = (
				CBD6BA132DEF1B39003242CA /* BestWish */,
			);
			name = BestWish;
			packageProductDependencies = (
				CBD6BA6A2DEF363A003242CA /* RxCocoa */,
				CBD6BA6C2DEF363A003242CA /* RxRelay */,
				CBD6BA6F2DEF364D003242CA /* SnapKit */,
				CBD6BA722DEF3656003242CA /* Then */,
				CBD6BA752DEF370B003242CA /* Kingfisher */,
			);
			productName = BestWish;
			productReference = CBD6BA112DEF1B39003242CA /* BestWish.app */;
			productType = "com.apple.product-type.application";
		};
		CBD6BA262DEF1B3B003242CA /* BestWishTests */ = {
			isa = PBXNativeTarget;
			buildConfigurationList = CBD6BA3F2DEF1B3B003242CA /* Build configuration list for PBXNativeTarget "BestWishTests" */;
			buildPhases = (
				CBD6BA232DEF1B3B003242CA /* Sources */,
				CBD6BA242DEF1B3B003242CA /* Frameworks */,
				CBD6BA252DEF1B3B003242CA /* Resources */,
			);
			buildRules = (
			);
			dependencies = (
				CBD6BA292DEF1B3B003242CA /* PBXTargetDependency */,
			);
			fileSystemSynchronizedGroups = (
				CBD6BA2A2DEF1B3B003242CA /* BestWishTests */,
			);
			name = BestWishTests;
			packageProductDependencies = (
			);
			productName = BestWishTests;
			productReference = CBD6BA272DEF1B3B003242CA /* BestWishTests.xctest */;
			productType = "com.apple.product-type.bundle.unit-test";
		};
		CBD6BA302DEF1B3B003242CA /* BestWishUITests */ = {
			isa = PBXNativeTarget;
			buildConfigurationList = CBD6BA422DEF1B3B003242CA /* Build configuration list for PBXNativeTarget "BestWishUITests" */;
			buildPhases = (
				CBD6BA2D2DEF1B3B003242CA /* Sources */,
				CBD6BA2E2DEF1B3B003242CA /* Frameworks */,
				CBD6BA2F2DEF1B3B003242CA /* Resources */,
			);
			buildRules = (
			);
			dependencies = (
				CBD6BA332DEF1B3B003242CA /* PBXTargetDependency */,
			);
			fileSystemSynchronizedGroups = (
				CBD6BA342DEF1B3B003242CA /* BestWishUITests */,
			);
			name = BestWishUITests;
			packageProductDependencies = (
			);
			productName = BestWishUITests;
			productReference = CBD6BA312DEF1B3B003242CA /* BestWishUITests.xctest */;
			productType = "com.apple.product-type.bundle.ui-testing";
		};
/* End PBXNativeTarget section */

/* Begin PBXProject section */
		CBD6BA092DEF1B39003242CA /* Project object */ = {
			isa = PBXProject;
			attributes = {
				BuildIndependentTargetsInParallel = 1;
				LastSwiftUpdateCheck = 1640;
				LastUpgradeCheck = 1640;
				TargetAttributes = {
					CBD6BA102DEF1B39003242CA = {
						CreatedOnToolsVersion = 16.4;
					};
					CBD6BA262DEF1B3B003242CA = {
						CreatedOnToolsVersion = 16.4;
						TestTargetID = CBD6BA102DEF1B39003242CA;
					};
					CBD6BA302DEF1B3B003242CA = {
						CreatedOnToolsVersion = 16.4;
						TestTargetID = CBD6BA102DEF1B39003242CA;
					};
				};
			};
			buildConfigurationList = CBD6BA0C2DEF1B39003242CA /* Build configuration list for PBXProject "BestWish" */;
			developmentRegion = en;
			hasScannedForEncodings = 0;
			knownRegions = (
				en,
				Base,
			);
			mainGroup = CBD6BA082DEF1B39003242CA;
			minimizedProjectReferenceProxies = 1;
			packageReferences = (
				CBD6BA692DEF363A003242CA /* XCRemoteSwiftPackageReference "RxSwift" */,
				CBD6BA6E2DEF364D003242CA /* XCRemoteSwiftPackageReference "SnapKit" */,
				CBD6BA712DEF3656003242CA /* XCRemoteSwiftPackageReference "Then" */,
				CBD6BA742DEF370B003242CA /* XCRemoteSwiftPackageReference "Kingfisher" */,
			);
			preferredProjectObjectVersion = 77;
			productRefGroup = CBD6BA122DEF1B39003242CA /* Products */;
			projectDirPath = "";
			projectRoot = "";
			targets = (
				CBD6BA102DEF1B39003242CA /* BestWish */,
				CBD6BA262DEF1B3B003242CA /* BestWishTests */,
				CBD6BA302DEF1B3B003242CA /* BestWishUITests */,
			);
		};
/* End PBXProject section */

/* Begin PBXResourcesBuildPhase section */
		CBD6BA0F2DEF1B39003242CA /* Resources */ = {
			isa = PBXResourcesBuildPhase;
			buildActionMask = 2147483647;
			files = (
			);
			runOnlyForDeploymentPostprocessing = 0;
		};
		CBD6BA252DEF1B3B003242CA /* Resources */ = {
			isa = PBXResourcesBuildPhase;
			buildActionMask = 2147483647;
			files = (
			);
			runOnlyForDeploymentPostprocessing = 0;
		};
		CBD6BA2F2DEF1B3B003242CA /* Resources */ = {
			isa = PBXResourcesBuildPhase;
			buildActionMask = 2147483647;
			files = (
			);
			runOnlyForDeploymentPostprocessing = 0;
		};
/* End PBXResourcesBuildPhase section */

/* Begin PBXSourcesBuildPhase section */
		CBD6BA0D2DEF1B39003242CA /* Sources */ = {
			isa = PBXSourcesBuildPhase;
			buildActionMask = 2147483647;
			files = (
			);
			runOnlyForDeploymentPostprocessing = 0;
		};
		CBD6BA232DEF1B3B003242CA /* Sources */ = {
			isa = PBXSourcesBuildPhase;
			buildActionMask = 2147483647;
			files = (
			);
			runOnlyForDeploymentPostprocessing = 0;
		};
		CBD6BA2D2DEF1B3B003242CA /* Sources */ = {
			isa = PBXSourcesBuildPhase;
			buildActionMask = 2147483647;
			files = (
			);
			runOnlyForDeploymentPostprocessing = 0;
		};
/* End PBXSourcesBuildPhase section */

/* Begin PBXTargetDependency section */
		CBD6BA292DEF1B3B003242CA /* PBXTargetDependency */ = {
			isa = PBXTargetDependency;
			target = CBD6BA102DEF1B39003242CA /* BestWish */;
			targetProxy = CBD6BA282DEF1B3B003242CA /* PBXContainerItemProxy */;
		};
		CBD6BA332DEF1B3B003242CA /* PBXTargetDependency */ = {
			isa = PBXTargetDependency;
			target = CBD6BA102DEF1B39003242CA /* BestWish */;
			targetProxy = CBD6BA322DEF1B3B003242CA /* PBXContainerItemProxy */;
		};
/* End PBXTargetDependency section */

/* Begin XCBuildConfiguration section */
		CBD6BA3B2DEF1B3B003242CA /* Debug */ = {
			isa = XCBuildConfiguration;
			buildSettings = {
				ASSETCATALOG_COMPILER_APPICON_NAME = AppIcon;
				ASSETCATALOG_COMPILER_GLOBAL_ACCENT_COLOR_NAME = AccentColor;
				CODE_SIGN_STYLE = Automatic;
				CURRENT_PROJECT_VERSION = 1;
				GENERATE_INFOPLIST_FILE = YES;
				INFOPLIST_FILE = BestWish/Resource/Info.plist;
				INFOPLIST_KEY_UIApplicationSupportsIndirectInputEvents = YES;
				INFOPLIST_KEY_UILaunchStoryboardName = LaunchScreen;
				INFOPLIST_KEY_UISupportedInterfaceOrientations_iPad = "UIInterfaceOrientationPortrait UIInterfaceOrientationPortraitUpsideDown UIInterfaceOrientationLandscapeLeft UIInterfaceOrientationLandscapeRight";
				INFOPLIST_KEY_UISupportedInterfaceOrientations_iPhone = "UIInterfaceOrientationPortrait UIInterfaceOrientationLandscapeLeft UIInterfaceOrientationLandscapeRight";
				IPHONEOS_DEPLOYMENT_TARGET = 16.6;
				LD_RUNPATH_SEARCH_PATHS = (
					"$(inherited)",
					"@executable_path/Frameworks",
				);
				MARKETING_VERSION = 1.0;
				PRODUCT_BUNDLE_IDENTIFIER = kr.ac.indck.hyun.BestWish;
				PRODUCT_NAME = "$(TARGET_NAME)";
				SWIFT_EMIT_LOC_STRINGS = YES;
				SWIFT_VERSION = 5.0;
				TARGETED_DEVICE_FAMILY = "1,2";
			};
			name = Debug;
		};
		CBD6BA3C2DEF1B3B003242CA /* Release */ = {
			isa = XCBuildConfiguration;
			buildSettings = {
				ASSETCATALOG_COMPILER_APPICON_NAME = AppIcon;
				ASSETCATALOG_COMPILER_GLOBAL_ACCENT_COLOR_NAME = AccentColor;
				CODE_SIGN_STYLE = Automatic;
				CURRENT_PROJECT_VERSION = 1;
				GENERATE_INFOPLIST_FILE = YES;
				INFOPLIST_FILE = BestWish/Resource/Info.plist;
				INFOPLIST_KEY_UIApplicationSupportsIndirectInputEvents = YES;
				INFOPLIST_KEY_UILaunchStoryboardName = LaunchScreen;
				INFOPLIST_KEY_UISupportedInterfaceOrientations_iPad = "UIInterfaceOrientationPortrait UIInterfaceOrientationPortraitUpsideDown UIInterfaceOrientationLandscapeLeft UIInterfaceOrientationLandscapeRight";
				INFOPLIST_KEY_UISupportedInterfaceOrientations_iPhone = "UIInterfaceOrientationPortrait UIInterfaceOrientationLandscapeLeft UIInterfaceOrientationLandscapeRight";
				IPHONEOS_DEPLOYMENT_TARGET = 16.6;
				LD_RUNPATH_SEARCH_PATHS = (
					"$(inherited)",
					"@executable_path/Frameworks",
				);
				MARKETING_VERSION = 1.0;
				PRODUCT_BUNDLE_IDENTIFIER = kr.ac.indck.hyun.BestWish;
				PRODUCT_NAME = "$(TARGET_NAME)";
				SWIFT_EMIT_LOC_STRINGS = YES;
				SWIFT_VERSION = 5.0;
				TARGETED_DEVICE_FAMILY = "1,2";
			};
			name = Release;
		};
		CBD6BA3D2DEF1B3B003242CA /* Debug */ = {
			isa = XCBuildConfiguration;
			buildSettings = {
				ALWAYS_SEARCH_USER_PATHS = NO;
				ASSETCATALOG_COMPILER_GENERATE_SWIFT_ASSET_SYMBOL_EXTENSIONS = YES;
				CLANG_ANALYZER_NONNULL = YES;
				CLANG_ANALYZER_NUMBER_OBJECT_CONVERSION = YES_AGGRESSIVE;
				CLANG_CXX_LANGUAGE_STANDARD = "gnu++20";
				CLANG_ENABLE_MODULES = YES;
				CLANG_ENABLE_OBJC_ARC = YES;
				CLANG_ENABLE_OBJC_WEAK = YES;
				CLANG_WARN_BLOCK_CAPTURE_AUTORELEASING = YES;
				CLANG_WARN_BOOL_CONVERSION = YES;
				CLANG_WARN_COMMA = YES;
				CLANG_WARN_CONSTANT_CONVERSION = YES;
				CLANG_WARN_DEPRECATED_OBJC_IMPLEMENTATIONS = YES;
				CLANG_WARN_DIRECT_OBJC_ISA_USAGE = YES_ERROR;
				CLANG_WARN_DOCUMENTATION_COMMENTS = YES;
				CLANG_WARN_EMPTY_BODY = YES;
				CLANG_WARN_ENUM_CONVERSION = YES;
				CLANG_WARN_INFINITE_RECURSION = YES;
				CLANG_WARN_INT_CONVERSION = YES;
				CLANG_WARN_NON_LITERAL_NULL_CONVERSION = YES;
				CLANG_WARN_OBJC_IMPLICIT_RETAIN_SELF = YES;
				CLANG_WARN_OBJC_LITERAL_CONVERSION = YES;
				CLANG_WARN_OBJC_ROOT_CLASS = YES_ERROR;
				CLANG_WARN_QUOTED_INCLUDE_IN_FRAMEWORK_HEADER = YES;
				CLANG_WARN_RANGE_LOOP_ANALYSIS = YES;
				CLANG_WARN_STRICT_PROTOTYPES = YES;
				CLANG_WARN_SUSPICIOUS_MOVE = YES;
				CLANG_WARN_UNGUARDED_AVAILABILITY = YES_AGGRESSIVE;
				CLANG_WARN_UNREACHABLE_CODE = YES;
				CLANG_WARN__DUPLICATE_METHOD_MATCH = YES;
				COPY_PHASE_STRIP = NO;
				DEBUG_INFORMATION_FORMAT = dwarf;
				ENABLE_STRICT_OBJC_MSGSEND = YES;
				ENABLE_TESTABILITY = YES;
				ENABLE_USER_SCRIPT_SANDBOXING = YES;
				GCC_C_LANGUAGE_STANDARD = gnu17;
				GCC_DYNAMIC_NO_PIC = NO;
				GCC_NO_COMMON_BLOCKS = YES;
				GCC_OPTIMIZATION_LEVEL = 0;
				GCC_PREPROCESSOR_DEFINITIONS = (
					"DEBUG=1",
					"$(inherited)",
				);
				GCC_WARN_64_TO_32_BIT_CONVERSION = YES;
				GCC_WARN_ABOUT_RETURN_TYPE = YES_ERROR;
				GCC_WARN_UNDECLARED_SELECTOR = YES;
				GCC_WARN_UNINITIALIZED_AUTOS = YES_AGGRESSIVE;
				GCC_WARN_UNUSED_FUNCTION = YES;
				GCC_WARN_UNUSED_VARIABLE = YES;
				IPHONEOS_DEPLOYMENT_TARGET = 18.5;
				LOCALIZATION_PREFERS_STRING_CATALOGS = YES;
				MTL_ENABLE_DEBUG_INFO = INCLUDE_SOURCE;
				MTL_FAST_MATH = YES;
				ONLY_ACTIVE_ARCH = YES;
				SDKROOT = iphoneos;
				SWIFT_ACTIVE_COMPILATION_CONDITIONS = "DEBUG $(inherited)";
				SWIFT_OPTIMIZATION_LEVEL = "-Onone";
			};
			name = Debug;
		};
		CBD6BA3E2DEF1B3B003242CA /* Release */ = {
			isa = XCBuildConfiguration;
			buildSettings = {
				ALWAYS_SEARCH_USER_PATHS = NO;
				ASSETCATALOG_COMPILER_GENERATE_SWIFT_ASSET_SYMBOL_EXTENSIONS = YES;
				CLANG_ANALYZER_NONNULL = YES;
				CLANG_ANALYZER_NUMBER_OBJECT_CONVERSION = YES_AGGRESSIVE;
				CLANG_CXX_LANGUAGE_STANDARD = "gnu++20";
				CLANG_ENABLE_MODULES = YES;
				CLANG_ENABLE_OBJC_ARC = YES;
				CLANG_ENABLE_OBJC_WEAK = YES;
				CLANG_WARN_BLOCK_CAPTURE_AUTORELEASING = YES;
				CLANG_WARN_BOOL_CONVERSION = YES;
				CLANG_WARN_COMMA = YES;
				CLANG_WARN_CONSTANT_CONVERSION = YES;
				CLANG_WARN_DEPRECATED_OBJC_IMPLEMENTATIONS = YES;
				CLANG_WARN_DIRECT_OBJC_ISA_USAGE = YES_ERROR;
				CLANG_WARN_DOCUMENTATION_COMMENTS = YES;
				CLANG_WARN_EMPTY_BODY = YES;
				CLANG_WARN_ENUM_CONVERSION = YES;
				CLANG_WARN_INFINITE_RECURSION = YES;
				CLANG_WARN_INT_CONVERSION = YES;
				CLANG_WARN_NON_LITERAL_NULL_CONVERSION = YES;
				CLANG_WARN_OBJC_IMPLICIT_RETAIN_SELF = YES;
				CLANG_WARN_OBJC_LITERAL_CONVERSION = YES;
				CLANG_WARN_OBJC_ROOT_CLASS = YES_ERROR;
				CLANG_WARN_QUOTED_INCLUDE_IN_FRAMEWORK_HEADER = YES;
				CLANG_WARN_RANGE_LOOP_ANALYSIS = YES;
				CLANG_WARN_STRICT_PROTOTYPES = YES;
				CLANG_WARN_SUSPICIOUS_MOVE = YES;
				CLANG_WARN_UNGUARDED_AVAILABILITY = YES_AGGRESSIVE;
				CLANG_WARN_UNREACHABLE_CODE = YES;
				CLANG_WARN__DUPLICATE_METHOD_MATCH = YES;
				COPY_PHASE_STRIP = NO;
				DEBUG_INFORMATION_FORMAT = "dwarf-with-dsym";
				ENABLE_NS_ASSERTIONS = NO;
				ENABLE_STRICT_OBJC_MSGSEND = YES;
				ENABLE_USER_SCRIPT_SANDBOXING = YES;
				GCC_C_LANGUAGE_STANDARD = gnu17;
				GCC_NO_COMMON_BLOCKS = YES;
				GCC_WARN_64_TO_32_BIT_CONVERSION = YES;
				GCC_WARN_ABOUT_RETURN_TYPE = YES_ERROR;
				GCC_WARN_UNDECLARED_SELECTOR = YES;
				GCC_WARN_UNINITIALIZED_AUTOS = YES_AGGRESSIVE;
				GCC_WARN_UNUSED_FUNCTION = YES;
				GCC_WARN_UNUSED_VARIABLE = YES;
				IPHONEOS_DEPLOYMENT_TARGET = 18.5;
				LOCALIZATION_PREFERS_STRING_CATALOGS = YES;
				MTL_ENABLE_DEBUG_INFO = NO;
				MTL_FAST_MATH = YES;
				SDKROOT = iphoneos;
				SWIFT_COMPILATION_MODE = wholemodule;
				VALIDATE_PRODUCT = YES;
			};
			name = Release;
		};
		CBD6BA402DEF1B3B003242CA /* Debug */ = {
			isa = XCBuildConfiguration;
			buildSettings = {
				BUNDLE_LOADER = "$(TEST_HOST)";
				CODE_SIGN_STYLE = Automatic;
				CURRENT_PROJECT_VERSION = 1;
				GENERATE_INFOPLIST_FILE = YES;
				IPHONEOS_DEPLOYMENT_TARGET = 18.5;
				MARKETING_VERSION = 1.0;
				PRODUCT_BUNDLE_IDENTIFIER = kr.ac.indck.hyun.BestWishTests;
				PRODUCT_NAME = "$(TARGET_NAME)";
				SWIFT_EMIT_LOC_STRINGS = NO;
				SWIFT_VERSION = 5.0;
				TARGETED_DEVICE_FAMILY = "1,2";
				TEST_HOST = "$(BUILT_PRODUCTS_DIR)/BestWish.app/$(BUNDLE_EXECUTABLE_FOLDER_PATH)/BestWish";
			};
			name = Debug;
		};
		CBD6BA412DEF1B3B003242CA /* Release */ = {
			isa = XCBuildConfiguration;
			buildSettings = {
				BUNDLE_LOADER = "$(TEST_HOST)";
				CODE_SIGN_STYLE = Automatic;
				CURRENT_PROJECT_VERSION = 1;
				GENERATE_INFOPLIST_FILE = YES;
				IPHONEOS_DEPLOYMENT_TARGET = 18.5;
				MARKETING_VERSION = 1.0;
				PRODUCT_BUNDLE_IDENTIFIER = kr.ac.indck.hyun.BestWishTests;
				PRODUCT_NAME = "$(TARGET_NAME)";
				SWIFT_EMIT_LOC_STRINGS = NO;
				SWIFT_VERSION = 5.0;
				TARGETED_DEVICE_FAMILY = "1,2";
				TEST_HOST = "$(BUILT_PRODUCTS_DIR)/BestWish.app/$(BUNDLE_EXECUTABLE_FOLDER_PATH)/BestWish";
			};
			name = Release;
		};
		CBD6BA432DEF1B3B003242CA /* Debug */ = {
			isa = XCBuildConfiguration;
			buildSettings = {
				CODE_SIGN_STYLE = Automatic;
				CURRENT_PROJECT_VERSION = 1;
				GENERATE_INFOPLIST_FILE = YES;
				MARKETING_VERSION = 1.0;
				PRODUCT_BUNDLE_IDENTIFIER = kr.ac.indck.hyun.BestWishUITests;
				PRODUCT_NAME = "$(TARGET_NAME)";
				SWIFT_EMIT_LOC_STRINGS = NO;
				SWIFT_VERSION = 5.0;
				TARGETED_DEVICE_FAMILY = "1,2";
				TEST_TARGET_NAME = BestWish;
			};
			name = Debug;
		};
		CBD6BA442DEF1B3B003242CA /* Release */ = {
			isa = XCBuildConfiguration;
			buildSettings = {
				CODE_SIGN_STYLE = Automatic;
				CURRENT_PROJECT_VERSION = 1;
				GENERATE_INFOPLIST_FILE = YES;
				MARKETING_VERSION = 1.0;
				PRODUCT_BUNDLE_IDENTIFIER = kr.ac.indck.hyun.BestWishUITests;
				PRODUCT_NAME = "$(TARGET_NAME)";
				SWIFT_EMIT_LOC_STRINGS = NO;
				SWIFT_VERSION = 5.0;
				TARGETED_DEVICE_FAMILY = "1,2";
				TEST_TARGET_NAME = BestWish;
			};
			name = Release;
		};
/* End XCBuildConfiguration section */

/* Begin XCConfigurationList section */
		CBD6BA0C2DEF1B39003242CA /* Build configuration list for PBXProject "BestWish" */ = {
			isa = XCConfigurationList;
			buildConfigurations = (
				CBD6BA3D2DEF1B3B003242CA /* Debug */,
				CBD6BA3E2DEF1B3B003242CA /* Release */,
			);
			defaultConfigurationIsVisible = 0;
			defaultConfigurationName = Release;
		};
		CBD6BA3A2DEF1B3B003242CA /* Build configuration list for PBXNativeTarget "BestWish" */ = {
			isa = XCConfigurationList;
			buildConfigurations = (
				CBD6BA3B2DEF1B3B003242CA /* Debug */,
				CBD6BA3C2DEF1B3B003242CA /* Release */,
			);
			defaultConfigurationIsVisible = 0;
			defaultConfigurationName = Release;
		};
		CBD6BA3F2DEF1B3B003242CA /* Build configuration list for PBXNativeTarget "BestWishTests" */ = {
			isa = XCConfigurationList;
			buildConfigurations = (
				CBD6BA402DEF1B3B003242CA /* Debug */,
				CBD6BA412DEF1B3B003242CA /* Release */,
			);
			defaultConfigurationIsVisible = 0;
			defaultConfigurationName = Release;
		};
		CBD6BA422DEF1B3B003242CA /* Build configuration list for PBXNativeTarget "BestWishUITests" */ = {
			isa = XCConfigurationList;
			buildConfigurations = (
				CBD6BA432DEF1B3B003242CA /* Debug */,
				CBD6BA442DEF1B3B003242CA /* Release */,
			);
			defaultConfigurationIsVisible = 0;
			defaultConfigurationName = Release;
		};
/* End XCConfigurationList section */

/* Begin XCRemoteSwiftPackageReference section */
		CBD6BA692DEF363A003242CA /* XCRemoteSwiftPackageReference "RxSwift" */ = {
			isa = XCRemoteSwiftPackageReference;
			repositoryURL = "https://github.com/ReactiveX/RxSwift.git";
			requirement = {
				kind = upToNextMajorVersion;
				minimumVersion = 6.9.0;
			};
		};
		CBD6BA6E2DEF364D003242CA /* XCRemoteSwiftPackageReference "SnapKit" */ = {
			isa = XCRemoteSwiftPackageReference;
			repositoryURL = "https://github.com/SnapKit/SnapKit.git";
			requirement = {
				kind = upToNextMajorVersion;
				minimumVersion = 5.7.1;
			};
		};
		CBD6BA712DEF3656003242CA /* XCRemoteSwiftPackageReference "Then" */ = {
			isa = XCRemoteSwiftPackageReference;
			repositoryURL = "https://github.com/devxoul/Then.git";
			requirement = {
				kind = upToNextMajorVersion;
				minimumVersion = 3.0.0;
			};
		};
		CBD6BA742DEF370B003242CA /* XCRemoteSwiftPackageReference "Kingfisher" */ = {
			isa = XCRemoteSwiftPackageReference;
			repositoryURL = "https://github.com/onevcat/Kingfisher.git";
			requirement = {
				kind = upToNextMajorVersion;
				minimumVersion = 8.3.2;
			};
		};
/* End XCRemoteSwiftPackageReference section */

/* Begin XCSwiftPackageProductDependency section */
		CBD6BA6A2DEF363A003242CA /* RxCocoa */ = {
			isa = XCSwiftPackageProductDependency;
			package = CBD6BA692DEF363A003242CA /* XCRemoteSwiftPackageReference "RxSwift" */;
			productName = RxCocoa;
		};
		CBD6BA6C2DEF363A003242CA /* RxRelay */ = {
			isa = XCSwiftPackageProductDependency;
			package = CBD6BA692DEF363A003242CA /* XCRemoteSwiftPackageReference "RxSwift" */;
			productName = RxRelay;
		};
		CBD6BA6F2DEF364D003242CA /* SnapKit */ = {
			isa = XCSwiftPackageProductDependency;
			package = CBD6BA6E2DEF364D003242CA /* XCRemoteSwiftPackageReference "SnapKit" */;
			productName = SnapKit;
		};
		CBD6BA722DEF3656003242CA /* Then */ = {
			isa = XCSwiftPackageProductDependency;
			package = CBD6BA712DEF3656003242CA /* XCRemoteSwiftPackageReference "Then" */;
			productName = Then;
		};
		CBD6BA752DEF370B003242CA /* Kingfisher */ = {
			isa = XCSwiftPackageProductDependency;
			package = CBD6BA742DEF370B003242CA /* XCRemoteSwiftPackageReference "Kingfisher" */;
			productName = Kingfisher;
		};
/* End XCSwiftPackageProductDependency section */
	};
	rootObject = CBD6BA092DEF1B39003242CA /* Project object */;
}
